
Microsoft Visual Studio Solution File, Format Version 12.00
# Visual Studio Version 17
VisualStudioVersion = 17.6.33815.320
MinimumVisualStudioVersion = 10.0.40219.1
Project("{FAE04EC0-301F-11D3-BF4B-00C04F79EFBC}") = "Ejercicio2_3.Android", "Ejercicio2_3.Android\Ejercicio2_3.Android.csproj", "{4854214B-A828-4EB5-9C36-529148087364}"
EndProject
Project("{FAE04EC0-301F-11D3-BF4B-00C04F79EFBC}") = "Ejercicio2_3", "Ejercicio2_3\Ejercicio2_3.csproj", "{1018C918-11B8-458A-9EDD-0EC57B58EA2C}"
EndProject
Global
	GlobalSection(SolutionConfigurationPlatforms) = preSolution
		Debug|Any CPU = Debug|Any CPU
		Release|Any CPU = Release|Any CPU
	EndGlobalSection
	GlobalSection(ProjectConfigurationPlatforms) = postSolution
		{4854214B-A828-4EB5-9C36-529148087364}.Debug|Any CPU.ActiveCfg = Debug|Any CPU
		{4854214B-A828-4EB5-9C36-529148087364}.Debug|Any CPU.Build.0 = Debug|Any CPU
		{4854214B-A828-4EB5-9C36-529148087364}.Debug|Any CPU.Deploy.0 = Debug|Any CPU
		{4854214B-A828-4EB5-9C36-529148087364}.Release|Any CPU.ActiveCfg = Release|Any CPU
		{4854214B-A828-4EB5-9C36-529148087364}.Release|Any CPU.Build.0 = Release|Any CPU
		{4854214B-A828-4EB5-9C36-529148087364}.Release|Any CPU.Deploy.0 = Release|Any CPU
		{1018C918-11B8-458A-9EDD-0EC57B58EA2C}.Debug|Any CPU.ActiveCfg = Debug|Any CPU
		{1018C918-11B8-458A-9EDD-0EC57B58EA2C}.Debug|Any CPU.Build.0 = Debug|Any CPU
		{1018C918-11B8-458A-9EDD-0EC57B58EA2C}.Debug|Any CPU.Deploy.0 = Debug|Any CPU
		{1018C918-11B8-458A-9EDD-0EC57B58EA2C}.Release|Any CPU.ActiveCfg = Release|Any CPU
		{1018C918-11B8-458A-9EDD-0EC57B58EA2C}.Release|Any CPU.Build.0 = Release|Any CPU
		{1018C918-11B8-458A-9EDD-0EC57B58EA2C}.Release|Any CPU.Deploy.0 = Release|Any CPU
	EndGlobalSection
	GlobalSection(SolutionProperties) = preSolution
		HideSolutionNode = FALSE
	EndGlobalSection
	GlobalSection(ExtensibilityGlobals) = postSolution
		SolutionGuid = {FED9CB97-F7DD-48E9-ADCA-4A34D702819D}
	EndGlobalSection
EndGlobal
